# This file is automatically @generated by Poetry 1.5.1 and should not be changed by hand.

[[package]]
name = "terminal"
version = "0.4.0"
description = "terminal\n    ~~~~~~~~\n\n    A terminal environment tools.\n\n    :copyright: (c) 2013 by Hsiaoming Yang."
optional = false
python-versions = "*"
files = [
    {file = "terminal-0.4.0.tar.gz", hash = "sha256:29a1696ed4696a9c3e501076245c85a3789548db708bb2bd174dcc49f2b585c2"},
]

[metadata]
lock-version = "2.0"
python-versions = ">=3.10.0,<3.11"
content-hash = "6b3450dae69d3406bb4b807deea06567b115c729ae6f6db02a55fa13e6355c40"
